
Microsoft Visual Studio Solution File, Format Version 12.00
# Visual Studio Version 17
VisualStudioVersion = 17.10.35013.160
MinimumVisualStudioVersion = 10.0.40219.1
Project("{FAE04EC0-301F-11D3-BF4B-00C04F79EFBC}") = "WebApplication", "WebApplication\WebApplication.csproj", "{6B9265CE-70E9-4246-96DD-6C7D6951065F}"
EndProject
Global
	GlobalSection(SolutionConfigurationPlatforms) = preSolution
		Debug|Any CPU = Debug|Any CPU
		Release|Any CPU = Release|Any CPU
	EndGlobalSection
	GlobalSection(ProjectConfigurationPlatforms) = postSolution
		{6B9265CE-70E9-4246-96DD-6C7D6951065F}.Debug|Any CPU.ActiveCfg = Debug|Any CPU
		{6B9265CE-70E9-4246-96DD-6C7D6951065F}.Debug|Any CPU.Build.0 = Debug|Any CPU
		{6B9265CE-70E9-4246-96DD-6C7D6951065F}.Release|Any CPU.ActiveCfg = Release|Any CPU
		{6B9265CE-70E9-4246-96DD-6C7D6951065F}.Release|Any CPU.Build.0 = Release|Any CPU
	EndGlobalSection
	GlobalSection(SolutionProperties) = preSolution
		HideSolutionNode = FALSE
	EndGlobalSection
	GlobalSection(ExtensibilityGlobals) = postSolution
		SolutionGuid = {47CB1A0B-96CB-4222-8026-2C4D8CAA3A44}
	EndGlobalSection
EndGlobal
